{
  "pins" : [
    {
      "identity" : "elegant-emoji-picker",
      "kind" : "remoteSourceControl",
      "location" : "https://github.com/Finalet/Elegant-Emoji-Picker",
      "state" : {
        "branch" : "dev",
        "revision" : "b0fb7f7c578cebddd8ee3e54a9d64c8b05d1d76f"
      }
    }
  ],
  "version" : 2
}
