{
  "pins" : [
    {
      "identity" : "elegant-emoji-picker",
      "kind" : "remoteSourceControl",
      "location" : "https://github.com/Finalet/Elegant-Emoji-Picker",
      "state" : {
        "branch" : "dev",
        "revision" : "7c6847fc77de98e1d4668532eac85d21b1b4c6c8"
      }
    }
  ],
  "version" : 2
}
