{
  "pins" : [
    {
      "identity" : "elegant-emoji-picker",
      "kind" : "remoteSourceControl",
      "location" : "https://github.com/Finalet/Elegant-Emoji-Picker",
      "state" : {
        "branch" : "main",
        "revision" : "e781b70a6d058ba1cdad7c5b63b4393b74816890"
      }
    }
  ],
  "version" : 2
}
